
Microsoft Visual Studio Solution File, Format Version 12.00
# Visual Studio Version 16
VisualStudioVersion = 25.0.1704.0
MinimumVisualStudioVersion = 10.0.40219.1
Project("{2150E333-8FDC-42A3-9474-1A3956D46DE8}") = "Backend", "Backend", "{370545AD-1543-4197-8DB1-58D3A86596A8}"
EndProject
Project("{FAE04EC0-301F-11D3-BF4B-00C04F79EFBC}") = "WebApplication", "..\WebApplication\WebApplication.csproj", "{2A2640F1-E8ED-4B1B-A44A-AE3A4BE8E641}"
EndProject
Project("{2150E333-8FDC-42A3-9474-1A3956D46DE8}") = "MAUI", "MAUI", "{5B1E20FD-4844-45E8-B327-D4CC8A0A0030}"
EndProject
Project("{FAE04EC0-301F-11D3-BF4B-00C04F79EFBC}") = "ReactiveWeather", "ReactiveWeather\ReactiveWeather.csproj", "{A0C89D49-A880-45C7-9BDC-B738742CF656}"
EndProject
Global
	GlobalSection(SolutionConfigurationPlatforms) = preSolution
		Debug|iPhoneSimulator = Debug|iPhoneSimulator
		Release|iPhoneSimulator = Release|iPhoneSimulator
		Debug|iPhone = Debug|iPhone
		Release|iPhone = Release|iPhone
	EndGlobalSection
	GlobalSection(ProjectConfigurationPlatforms) = postSolution
		{2A2640F1-E8ED-4B1B-A44A-AE3A4BE8E641}.Debug|iPhoneSimulator.ActiveCfg = Debug|Any CPU
		{2A2640F1-E8ED-4B1B-A44A-AE3A4BE8E641}.Release|iPhoneSimulator.ActiveCfg = Release|Any CPU
		{2A2640F1-E8ED-4B1B-A44A-AE3A4BE8E641}.Release|iPhoneSimulator.Build.0 = Release|Any CPU
		{2A2640F1-E8ED-4B1B-A44A-AE3A4BE8E641}.Debug|iPhone.ActiveCfg = Debug|Any CPU
		{2A2640F1-E8ED-4B1B-A44A-AE3A4BE8E641}.Debug|iPhone.Build.0 = Debug|Any CPU
		{2A2640F1-E8ED-4B1B-A44A-AE3A4BE8E641}.Release|iPhone.ActiveCfg = Release|Any CPU
		{2A2640F1-E8ED-4B1B-A44A-AE3A4BE8E641}.Release|iPhone.Build.0 = Release|Any CPU
		{A0C89D49-A880-45C7-9BDC-B738742CF656}.Debug|iPhoneSimulator.ActiveCfg = Debug|Any CPU
		{A0C89D49-A880-45C7-9BDC-B738742CF656}.Debug|iPhoneSimulator.Build.0 = Debug|Any CPU
		{A0C89D49-A880-45C7-9BDC-B738742CF656}.Release|iPhoneSimulator.ActiveCfg = Release|Any CPU
		{A0C89D49-A880-45C7-9BDC-B738742CF656}.Release|iPhoneSimulator.Build.0 = Release|Any CPU
		{A0C89D49-A880-45C7-9BDC-B738742CF656}.Debug|iPhone.ActiveCfg = Debug|Any CPU
		{A0C89D49-A880-45C7-9BDC-B738742CF656}.Debug|iPhone.Build.0 = Debug|Any CPU
		{A0C89D49-A880-45C7-9BDC-B738742CF656}.Release|iPhone.ActiveCfg = Release|Any CPU
		{A0C89D49-A880-45C7-9BDC-B738742CF656}.Release|iPhone.Build.0 = Release|Any CPU
		{A0C89D49-A880-45C7-9BDC-B738742CF656}.Debug|iPhoneSimulator.Deploy.0 = Debug|Any CPU
	EndGlobalSection
	GlobalSection(SolutionProperties) = preSolution
		HideSolutionNode = FALSE
	EndGlobalSection
	GlobalSection(ExtensibilityGlobals) = postSolution
		SolutionGuid = {B995FF4F-666B-4350-966A-D73A5AC4FCC2}
	EndGlobalSection
	GlobalSection(NestedProjects) = preSolution
		{2A2640F1-E8ED-4B1B-A44A-AE3A4BE8E641} = {370545AD-1543-4197-8DB1-58D3A86596A8}
		{A0C89D49-A880-45C7-9BDC-B738742CF656} = {5B1E20FD-4844-45E8-B327-D4CC8A0A0030}
	EndGlobalSection
EndGlobal
