
Microsoft Visual Studio Solution File, Format Version 12.00
# Visual Studio Version 16
VisualStudioVersion = 16.0.810.14
MinimumVisualStudioVersion = 10.0.40219.1
Project("{FAE04EC0-301F-11D3-BF4B-00C04F79EFBC}") = "HelloReactiveUI.Android", "HelloReactiveUI.Android\HelloReactiveUI.Android.csproj", "{104F32FF-47CA-4469-8F9D-09767AEA2DC8}"
EndProject
Project("{FAE04EC0-301F-11D3-BF4B-00C04F79EFBC}") = "HelloReactiveUI.iOS", "HelloReactiveUI.iOS\HelloReactiveUI.iOS.csproj", "{449E5B73-8DF8-4A33-A53B-4AFA8F57DAFC}"
EndProject
Project("{FAE04EC0-301F-11D3-BF4B-00C04F79EFBC}") = "HelloReactiveUI", "HelloReactiveUI\HelloReactiveUI.csproj", "{3E7AA9D0-1AC6-4EAA-9B54-06C3572228EC}"
EndProject
Global
	GlobalSection(SolutionConfigurationPlatforms) = preSolution
		Debug|Any CPU = Debug|Any CPU
		Release|Any CPU = Release|Any CPU
		Debug|iPhoneSimulator = Debug|iPhoneSimulator
		Release|iPhoneSimulator = Release|iPhoneSimulator
		Debug|iPhone = Debug|iPhone
		Release|iPhone = Release|iPhone
	EndGlobalSection
	GlobalSection(ProjectConfigurationPlatforms) = postSolution
		{104F32FF-47CA-4469-8F9D-09767AEA2DC8}.Debug|Any CPU.ActiveCfg = Debug|Any CPU
		{104F32FF-47CA-4469-8F9D-09767AEA2DC8}.Debug|Any CPU.Build.0 = Debug|Any CPU
		{104F32FF-47CA-4469-8F9D-09767AEA2DC8}.Release|Any CPU.ActiveCfg = Release|Any CPU
		{104F32FF-47CA-4469-8F9D-09767AEA2DC8}.Release|Any CPU.Build.0 = Release|Any CPU
		{104F32FF-47CA-4469-8F9D-09767AEA2DC8}.Debug|iPhoneSimulator.ActiveCfg = Debug|Any CPU
		{104F32FF-47CA-4469-8F9D-09767AEA2DC8}.Debug|iPhoneSimulator.Build.0 = Debug|Any CPU
		{104F32FF-47CA-4469-8F9D-09767AEA2DC8}.Release|iPhoneSimulator.ActiveCfg = Release|Any CPU
		{104F32FF-47CA-4469-8F9D-09767AEA2DC8}.Release|iPhoneSimulator.Build.0 = Release|Any CPU
		{104F32FF-47CA-4469-8F9D-09767AEA2DC8}.Debug|iPhone.ActiveCfg = Debug|Any CPU
		{104F32FF-47CA-4469-8F9D-09767AEA2DC8}.Debug|iPhone.Build.0 = Debug|Any CPU
		{104F32FF-47CA-4469-8F9D-09767AEA2DC8}.Release|iPhone.ActiveCfg = Release|Any CPU
		{104F32FF-47CA-4469-8F9D-09767AEA2DC8}.Release|iPhone.Build.0 = Release|Any CPU
		{449E5B73-8DF8-4A33-A53B-4AFA8F57DAFC}.Debug|Any CPU.ActiveCfg = Debug|iPhoneSimulator
		{449E5B73-8DF8-4A33-A53B-4AFA8F57DAFC}.Debug|Any CPU.Build.0 = Debug|iPhoneSimulator
		{449E5B73-8DF8-4A33-A53B-4AFA8F57DAFC}.Release|Any CPU.ActiveCfg = Release|iPhoneSimulator
		{449E5B73-8DF8-4A33-A53B-4AFA8F57DAFC}.Release|Any CPU.Build.0 = Release|iPhoneSimulator
		{449E5B73-8DF8-4A33-A53B-4AFA8F57DAFC}.Debug|iPhoneSimulator.ActiveCfg = Debug|iPhoneSimulator
		{449E5B73-8DF8-4A33-A53B-4AFA8F57DAFC}.Debug|iPhoneSimulator.Build.0 = Debug|iPhoneSimulator
		{449E5B73-8DF8-4A33-A53B-4AFA8F57DAFC}.Release|iPhoneSimulator.ActiveCfg = Release|iPhoneSimulator
		{449E5B73-8DF8-4A33-A53B-4AFA8F57DAFC}.Release|iPhoneSimulator.Build.0 = Release|iPhoneSimulator
		{449E5B73-8DF8-4A33-A53B-4AFA8F57DAFC}.Debug|iPhone.ActiveCfg = Debug|iPhone
		{449E5B73-8DF8-4A33-A53B-4AFA8F57DAFC}.Debug|iPhone.Build.0 = Debug|iPhone
		{449E5B73-8DF8-4A33-A53B-4AFA8F57DAFC}.Release|iPhone.ActiveCfg = Release|iPhone
		{449E5B73-8DF8-4A33-A53B-4AFA8F57DAFC}.Release|iPhone.Build.0 = Release|iPhone
		{3E7AA9D0-1AC6-4EAA-9B54-06C3572228EC}.Debug|Any CPU.ActiveCfg = Debug|Any CPU
		{3E7AA9D0-1AC6-4EAA-9B54-06C3572228EC}.Debug|Any CPU.Build.0 = Debug|Any CPU
		{3E7AA9D0-1AC6-4EAA-9B54-06C3572228EC}.Release|Any CPU.ActiveCfg = Release|Any CPU
		{3E7AA9D0-1AC6-4EAA-9B54-06C3572228EC}.Release|Any CPU.Build.0 = Release|Any CPU
		{3E7AA9D0-1AC6-4EAA-9B54-06C3572228EC}.Debug|iPhoneSimulator.ActiveCfg = Debug|Any CPU
		{3E7AA9D0-1AC6-4EAA-9B54-06C3572228EC}.Debug|iPhoneSimulator.Build.0 = Debug|Any CPU
		{3E7AA9D0-1AC6-4EAA-9B54-06C3572228EC}.Release|iPhoneSimulator.ActiveCfg = Release|Any CPU
		{3E7AA9D0-1AC6-4EAA-9B54-06C3572228EC}.Release|iPhoneSimulator.Build.0 = Release|Any CPU
		{3E7AA9D0-1AC6-4EAA-9B54-06C3572228EC}.Debug|iPhone.ActiveCfg = Debug|Any CPU
		{3E7AA9D0-1AC6-4EAA-9B54-06C3572228EC}.Debug|iPhone.Build.0 = Debug|Any CPU
		{3E7AA9D0-1AC6-4EAA-9B54-06C3572228EC}.Release|iPhone.ActiveCfg = Release|Any CPU
		{3E7AA9D0-1AC6-4EAA-9B54-06C3572228EC}.Release|iPhone.Build.0 = Release|Any CPU
	EndGlobalSection
	GlobalSection(SolutionProperties) = preSolution
		HideSolutionNode = FALSE
	EndGlobalSection
	GlobalSection(ExtensibilityGlobals) = postSolution
		SolutionGuid = {A9D3DB48-34CB-44E7-B80E-A5026DFAD298}
	EndGlobalSection
EndGlobal
